
Microsoft Visual Studio Solution File, Format Version 11.00
# Visual Studio 2010
Project("{2150E333-8FDC-42A3-9474-1A3956D46DE8}") = "DAL", "DAL", "{D36CE889-5030-4E4D-AF22-0A4A484F0A84}"
EndProject
Project("{2150E333-8FDC-42A3-9474-1A3956D46DE8}") = "Service", "Service", "{279AC1F0-BD0D-4EAA-874F-31A395B72C14}"
EndProject
Project("{2150E333-8FDC-42A3-9474-1A3956D46DE8}") = "Contract", "Contract", "{4BE087AD-8CA3-4E70-97E1-C2B6AC6C636E}"
EndProject
Project("{FAE04EC0-301F-11D3-BF4B-00C04F79EFBC}") = "SP.Contract.Data", "SP.Contract.Data\SP.Contract.Data.csproj", "{3A47AE29-C726-4DA0-A874-5EBB754B9B43}"
EndProject
Project("{FAE04EC0-301F-11D3-BF4B-00C04F79EFBC}") = "SP.Contract.Service", "SP.Contract.Service\SP.Contract.Service.csproj", "{51CD929C-7F33-4914-A408-B828E9308F14}"
EndProject
Project("{FAE04EC0-301F-11D3-BF4B-00C04F79EFBC}") = "SP.Service", "SP.Service\SP.Service.csproj", "{D51686F4-CC60-4F68-99EF-2717D5716E0C}"
EndProject
Project("{FAE04EC0-301F-11D3-BF4B-00C04F79EFBC}") = "SP.DAL", "SP.DAL\SP.DAL.csproj", "{FB38868F-E4F9-487D-B355-FB54DD20CB7D}"
EndProject
Project("{FAE04EC0-301F-11D3-BF4B-00C04F79EFBC}") = "SP.Entities", "SP.Entities\SP.Entities.csproj", "{5F3B03BB-ACC6-4264-ADEE-AFF58DD655CC}"
EndProject
Project("{FAE04EC0-301F-11D3-BF4B-00C04F79EFBC}") = "SP.Service.Host", "SP.Service.Host\SP.Service.Host.csproj", "{615F8785-1D09-4718-A2F6-D08816651FC1}"
EndProject
Project("{FAE04EC0-301F-11D3-BF4B-00C04F79EFBC}") = "SP.Contract.Data.SecurityTranslator", "SP.Contract.Data.Translator\SP.Contract.Data.SecurityTranslator.csproj", "{A5933ADE-E4BB-4D97-8830-72B49EADEBD3}"
EndProject
Global
	GlobalSection(SolutionConfigurationPlatforms) = preSolution
		Debug|Any CPU = Debug|Any CPU
		Debug|Mixed Platforms = Debug|Mixed Platforms
		Debug|x86 = Debug|x86
		Release|Any CPU = Release|Any CPU
		Release|Mixed Platforms = Release|Mixed Platforms
		Release|x86 = Release|x86
	EndGlobalSection
	GlobalSection(ProjectConfigurationPlatforms) = postSolution
		{3A47AE29-C726-4DA0-A874-5EBB754B9B43}.Debug|Any CPU.ActiveCfg = Debug|Any CPU
		{3A47AE29-C726-4DA0-A874-5EBB754B9B43}.Debug|Any CPU.Build.0 = Debug|Any CPU
		{3A47AE29-C726-4DA0-A874-5EBB754B9B43}.Debug|Mixed Platforms.ActiveCfg = Debug|Any CPU
		{3A47AE29-C726-4DA0-A874-5EBB754B9B43}.Debug|Mixed Platforms.Build.0 = Debug|Any CPU
		{3A47AE29-C726-4DA0-A874-5EBB754B9B43}.Debug|x86.ActiveCfg = Debug|Any CPU
		{3A47AE29-C726-4DA0-A874-5EBB754B9B43}.Release|Any CPU.ActiveCfg = Release|Any CPU
		{3A47AE29-C726-4DA0-A874-5EBB754B9B43}.Release|Any CPU.Build.0 = Release|Any CPU
		{3A47AE29-C726-4DA0-A874-5EBB754B9B43}.Release|Mixed Platforms.ActiveCfg = Release|Any CPU
		{3A47AE29-C726-4DA0-A874-5EBB754B9B43}.Release|Mixed Platforms.Build.0 = Release|Any CPU
		{3A47AE29-C726-4DA0-A874-5EBB754B9B43}.Release|x86.ActiveCfg = Release|Any CPU
		{51CD929C-7F33-4914-A408-B828E9308F14}.Debug|Any CPU.ActiveCfg = Debug|Any CPU
		{51CD929C-7F33-4914-A408-B828E9308F14}.Debug|Any CPU.Build.0 = Debug|Any CPU
		{51CD929C-7F33-4914-A408-B828E9308F14}.Debug|Mixed Platforms.ActiveCfg = Debug|Any CPU
		{51CD929C-7F33-4914-A408-B828E9308F14}.Debug|Mixed Platforms.Build.0 = Debug|Any CPU
		{51CD929C-7F33-4914-A408-B828E9308F14}.Debug|x86.ActiveCfg = Debug|Any CPU
		{51CD929C-7F33-4914-A408-B828E9308F14}.Release|Any CPU.ActiveCfg = Release|Any CPU
		{51CD929C-7F33-4914-A408-B828E9308F14}.Release|Any CPU.Build.0 = Release|Any CPU
		{51CD929C-7F33-4914-A408-B828E9308F14}.Release|Mixed Platforms.ActiveCfg = Release|Any CPU
		{51CD929C-7F33-4914-A408-B828E9308F14}.Release|Mixed Platforms.Build.0 = Release|Any CPU
		{51CD929C-7F33-4914-A408-B828E9308F14}.Release|x86.ActiveCfg = Release|Any CPU
		{D51686F4-CC60-4F68-99EF-2717D5716E0C}.Debug|Any CPU.ActiveCfg = Debug|Any CPU
		{D51686F4-CC60-4F68-99EF-2717D5716E0C}.Debug|Any CPU.Build.0 = Debug|Any CPU
		{D51686F4-CC60-4F68-99EF-2717D5716E0C}.Debug|Mixed Platforms.ActiveCfg = Debug|Any CPU
		{D51686F4-CC60-4F68-99EF-2717D5716E0C}.Debug|Mixed Platforms.Build.0 = Debug|Any CPU
		{D51686F4-CC60-4F68-99EF-2717D5716E0C}.Debug|x86.ActiveCfg = Debug|Any CPU
		{D51686F4-CC60-4F68-99EF-2717D5716E0C}.Release|Any CPU.ActiveCfg = Release|Any CPU
		{D51686F4-CC60-4F68-99EF-2717D5716E0C}.Release|Any CPU.Build.0 = Release|Any CPU
		{D51686F4-CC60-4F68-99EF-2717D5716E0C}.Release|Mixed Platforms.ActiveCfg = Release|Any CPU
		{D51686F4-CC60-4F68-99EF-2717D5716E0C}.Release|Mixed Platforms.Build.0 = Release|Any CPU
		{D51686F4-CC60-4F68-99EF-2717D5716E0C}.Release|x86.ActiveCfg = Release|Any CPU
		{FB38868F-E4F9-487D-B355-FB54DD20CB7D}.Debug|Any CPU.ActiveCfg = Debug|Any CPU
		{FB38868F-E4F9-487D-B355-FB54DD20CB7D}.Debug|Any CPU.Build.0 = Debug|Any CPU
		{FB38868F-E4F9-487D-B355-FB54DD20CB7D}.Debug|Mixed Platforms.ActiveCfg = Debug|Any CPU
		{FB38868F-E4F9-487D-B355-FB54DD20CB7D}.Debug|Mixed Platforms.Build.0 = Debug|Any CPU
		{FB38868F-E4F9-487D-B355-FB54DD20CB7D}.Debug|x86.ActiveCfg = Debug|Any CPU
		{FB38868F-E4F9-487D-B355-FB54DD20CB7D}.Release|Any CPU.ActiveCfg = Release|Any CPU
		{FB38868F-E4F9-487D-B355-FB54DD20CB7D}.Release|Any CPU.Build.0 = Release|Any CPU
		{FB38868F-E4F9-487D-B355-FB54DD20CB7D}.Release|Mixed Platforms.ActiveCfg = Release|Any CPU
		{FB38868F-E4F9-487D-B355-FB54DD20CB7D}.Release|Mixed Platforms.Build.0 = Release|Any CPU
		{FB38868F-E4F9-487D-B355-FB54DD20CB7D}.Release|x86.ActiveCfg = Release|Any CPU
		{5F3B03BB-ACC6-4264-ADEE-AFF58DD655CC}.Debug|Any CPU.ActiveCfg = Debug|Any CPU
		{5F3B03BB-ACC6-4264-ADEE-AFF58DD655CC}.Debug|Any CPU.Build.0 = Debug|Any CPU
		{5F3B03BB-ACC6-4264-ADEE-AFF58DD655CC}.Debug|Mixed Platforms.ActiveCfg = Debug|Any CPU
		{5F3B03BB-ACC6-4264-ADEE-AFF58DD655CC}.Debug|Mixed Platforms.Build.0 = Debug|Any CPU
		{5F3B03BB-ACC6-4264-ADEE-AFF58DD655CC}.Debug|x86.ActiveCfg = Debug|Any CPU
		{5F3B03BB-ACC6-4264-ADEE-AFF58DD655CC}.Release|Any CPU.ActiveCfg = Release|Any CPU
		{5F3B03BB-ACC6-4264-ADEE-AFF58DD655CC}.Release|Any CPU.Build.0 = Release|Any CPU
		{5F3B03BB-ACC6-4264-ADEE-AFF58DD655CC}.Release|Mixed Platforms.ActiveCfg = Release|Any CPU
		{5F3B03BB-ACC6-4264-ADEE-AFF58DD655CC}.Release|Mixed Platforms.Build.0 = Release|Any CPU
		{5F3B03BB-ACC6-4264-ADEE-AFF58DD655CC}.Release|x86.ActiveCfg = Release|Any CPU
		{615F8785-1D09-4718-A2F6-D08816651FC1}.Debug|Any CPU.ActiveCfg = Debug|Any CPU
		{615F8785-1D09-4718-A2F6-D08816651FC1}.Debug|Any CPU.Build.0 = Debug|Any CPU
		{615F8785-1D09-4718-A2F6-D08816651FC1}.Debug|Mixed Platforms.ActiveCfg = Debug|Any CPU
		{615F8785-1D09-4718-A2F6-D08816651FC1}.Debug|Mixed Platforms.Build.0 = Debug|Any CPU
		{615F8785-1D09-4718-A2F6-D08816651FC1}.Debug|x86.ActiveCfg = Debug|Any CPU
		{615F8785-1D09-4718-A2F6-D08816651FC1}.Release|Any CPU.ActiveCfg = Release|Any CPU
		{615F8785-1D09-4718-A2F6-D08816651FC1}.Release|Any CPU.Build.0 = Release|Any CPU
		{615F8785-1D09-4718-A2F6-D08816651FC1}.Release|Mixed Platforms.ActiveCfg = Release|Any CPU
		{615F8785-1D09-4718-A2F6-D08816651FC1}.Release|Mixed Platforms.Build.0 = Release|Any CPU
		{615F8785-1D09-4718-A2F6-D08816651FC1}.Release|x86.ActiveCfg = Release|Any CPU
		{A5933ADE-E4BB-4D97-8830-72B49EADEBD3}.Debug|Any CPU.ActiveCfg = Debug|Any CPU
		{A5933ADE-E4BB-4D97-8830-72B49EADEBD3}.Debug|Any CPU.Build.0 = Debug|Any CPU
		{A5933ADE-E4BB-4D97-8830-72B49EADEBD3}.Debug|Mixed Platforms.ActiveCfg = Debug|Any CPU
		{A5933ADE-E4BB-4D97-8830-72B49EADEBD3}.Debug|Mixed Platforms.Build.0 = Debug|Any CPU
		{A5933ADE-E4BB-4D97-8830-72B49EADEBD3}.Debug|x86.ActiveCfg = Debug|Any CPU
		{A5933ADE-E4BB-4D97-8830-72B49EADEBD3}.Release|Any CPU.ActiveCfg = Release|Any CPU
		{A5933ADE-E4BB-4D97-8830-72B49EADEBD3}.Release|Any CPU.Build.0 = Release|Any CPU
		{A5933ADE-E4BB-4D97-8830-72B49EADEBD3}.Release|Mixed Platforms.ActiveCfg = Release|Any CPU
		{A5933ADE-E4BB-4D97-8830-72B49EADEBD3}.Release|Mixed Platforms.Build.0 = Release|Any CPU
		{A5933ADE-E4BB-4D97-8830-72B49EADEBD3}.Release|x86.ActiveCfg = Release|Any CPU
	EndGlobalSection
	GlobalSection(SolutionProperties) = preSolution
		HideSolutionNode = FALSE
	EndGlobalSection
	GlobalSection(NestedProjects) = preSolution
		{FB38868F-E4F9-487D-B355-FB54DD20CB7D} = {D36CE889-5030-4E4D-AF22-0A4A484F0A84}
		{5F3B03BB-ACC6-4264-ADEE-AFF58DD655CC} = {D36CE889-5030-4E4D-AF22-0A4A484F0A84}
		{D51686F4-CC60-4F68-99EF-2717D5716E0C} = {279AC1F0-BD0D-4EAA-874F-31A395B72C14}
		{615F8785-1D09-4718-A2F6-D08816651FC1} = {279AC1F0-BD0D-4EAA-874F-31A395B72C14}
		{3A47AE29-C726-4DA0-A874-5EBB754B9B43} = {4BE087AD-8CA3-4E70-97E1-C2B6AC6C636E}
		{51CD929C-7F33-4914-A408-B828E9308F14} = {4BE087AD-8CA3-4E70-97E1-C2B6AC6C636E}
		{A5933ADE-E4BB-4D97-8830-72B49EADEBD3} = {4BE087AD-8CA3-4E70-97E1-C2B6AC6C636E}
	EndGlobalSection
EndGlobal
